
Microsoft Visual Studio Solution File, Format Version 12.00
# Visual Studio 14
VisualStudioVersion = 14.0.25420.1
MinimumVisualStudioVersion = 10.0.40219.1
Project("{FAE04EC0-301F-11D3-BF4B-00C04F79EFBC}") = "03_01_Return_As_New_Type_end", "LINQ_Examples\03_01_Return_As_New_Type_end.csproj", "{80622FE4-CFEE-4823-BD30-4A3AAEC65865}"
EndProject
Project("{FAE04EC0-301F-11D3-BF4B-00C04F79EFBC}") = "Model", "linq\Model.csproj", "{EAF7F08C-E13B-45CF-9EA9-8A5443872B8C}"
EndProject
Project("{FAE04EC0-301F-11D3-BF4B-00C04F79EFBC}") = "SampleWebApp", "SampleWebApp\SampleWebApp.csproj", "{46F1C099-7F38-44A9-AFB9-D7164D5E538B}"
EndProject
Global
	GlobalSection(SolutionConfigurationPlatforms) = preSolution
		Debug|Any CPU = Debug|Any CPU
		Release|Any CPU = Release|Any CPU
	EndGlobalSection
	GlobalSection(ProjectConfigurationPlatforms) = postSolution
		{80622FE4-CFEE-4823-BD30-4A3AAEC65865}.Debug|Any CPU.ActiveCfg = Debug|Any CPU
		{80622FE4-CFEE-4823-BD30-4A3AAEC65865}.Debug|Any CPU.Build.0 = Debug|Any CPU
		{80622FE4-CFEE-4823-BD30-4A3AAEC65865}.Release|Any CPU.ActiveCfg = Release|Any CPU
		{80622FE4-CFEE-4823-BD30-4A3AAEC65865}.Release|Any CPU.Build.0 = Release|Any CPU
		{EAF7F08C-E13B-45CF-9EA9-8A5443872B8C}.Debug|Any CPU.ActiveCfg = Debug|Any CPU
		{EAF7F08C-E13B-45CF-9EA9-8A5443872B8C}.Debug|Any CPU.Build.0 = Debug|Any CPU
		{EAF7F08C-E13B-45CF-9EA9-8A5443872B8C}.Release|Any CPU.ActiveCfg = Release|Any CPU
		{EAF7F08C-E13B-45CF-9EA9-8A5443872B8C}.Release|Any CPU.Build.0 = Release|Any CPU
		{46F1C099-7F38-44A9-AFB9-D7164D5E538B}.Debug|Any CPU.ActiveCfg = Debug|Any CPU
		{46F1C099-7F38-44A9-AFB9-D7164D5E538B}.Debug|Any CPU.Build.0 = Debug|Any CPU
		{46F1C099-7F38-44A9-AFB9-D7164D5E538B}.Release|Any CPU.ActiveCfg = Release|Any CPU
		{46F1C099-7F38-44A9-AFB9-D7164D5E538B}.Release|Any CPU.Build.0 = Release|Any CPU
	EndGlobalSection
	GlobalSection(SolutionProperties) = preSolution
		HideSolutionNode = FALSE
	EndGlobalSection
	GlobalSection(ExtensibilityGlobals) = postSolution
		SolutionGuid = {65C57A95-F4B7-4DD4-816A-D064CEC4CC90}
	EndGlobalSection
EndGlobal
